
Microsoft Visual Studio Solution File, Format Version 12.00
# Visual Studio Version 17
VisualStudioVersion = 17.12.35707.178 d17.12
MinimumVisualStudioVersion = 10.0.40219.1
Project("{FAE04EC0-301F-11D3-BF4B-00C04F79EFBC}") = "a3", "a3\a3.csproj", "{F12CB5A7-4FD6-4664-A2AB-A7EC3BC3E151}"
EndProject
Global
	GlobalSection(SolutionConfigurationPlatforms) = preSolution
		Debug|Any CPU = Debug|Any CPU
		Release|Any CPU = Release|Any CPU
	EndGlobalSection
	GlobalSection(ProjectConfigurationPlatforms) = postSolution
		{F12CB5A7-4FD6-4664-A2AB-A7EC3BC3E151}.Debug|Any CPU.ActiveCfg = Debug|Any CPU
		{F12CB5A7-4FD6-4664-A2AB-A7EC3BC3E151}.Debug|Any CPU.Build.0 = Debug|Any CPU
		{F12CB5A7-4FD6-4664-A2AB-A7EC3BC3E151}.Release|Any CPU.ActiveCfg = Release|Any CPU
		{F12CB5A7-4FD6-4664-A2AB-A7EC3BC3E151}.Release|Any CPU.Build.0 = Release|Any CPU
	EndGlobalSection
	GlobalSection(SolutionProperties) = preSolution
		HideSolutionNode = FALSE
	EndGlobalSection
EndGlobal
